{
  "nodes": {
    "devshell": {
      "inputs": {
        "flake-utils": "flake-utils_2",
        "nixpkgs": "nixpkgs_2"
      },
      "locked": {
        "lastModified": 1647857022,
        "narHash": "sha256-Aw70NWLOIwKhT60MHDGjgWis3DP3faCzr6ap9CSayek=",
        "owner": "numtide",
        "repo": "devshell",
        "rev": "0a5ff74dacb9ea22614f64e61aeb3ca0bf0e7311",
        "type": "github"
      },
      "original": {
        "owner": "numtide",
        "repo": "devshell",
        "type": "github"
      }
    },
    "flake-compat": {
      "flake": false,
      "locked": {
        "lastModified": 1648199409,
        "narHash": "sha256-JwPKdC2PoVBkG6E+eWw3j6BMR6sL3COpYWfif7RVb8Y=",
        "owner": "edolstra",
        "repo": "flake-compat",
        "rev": "64a525ee38886ab9028e6f61790de0832aa3ef03",
        "type": "github"
      },
      "original": {
        "owner": "edolstra",
        "repo": "flake-compat",
        "type": "github"
      }
    },
    "flake-utils": {
      "locked": {
        "lastModified": 1642700792,
        "narHash": "sha256-XqHrk7hFb+zBvRg6Ghl+AZDq03ov6OshJLiSWOoX5es=",
        "owner": "numtide",
        "repo": "flake-utils",
        "rev": "846b2ae0fc4cc943637d3d1def4454213e203cba",
        "type": "github"
      },
      "original": {
        "owner": "numtide",
        "repo": "flake-utils",
        "type": "github"
      }
    },
    "flake-utils_2": {
      "locked": {
        "lastModified": 1642700792,
        "narHash": "sha256-XqHrk7hFb+zBvRg6Ghl+AZDq03ov6OshJLiSWOoX5es=",
        "owner": "numtide",
        "repo": "flake-utils",
        "rev": "846b2ae0fc4cc943637d3d1def4454213e203cba",
        "type": "github"
      },
      "original": {
        "owner": "numtide",
        "repo": "flake-utils",
        "type": "github"
      }
    },
    "flake-utils_3": {
      "locked": {
        "lastModified": 1648297722,
        "narHash": "sha256-W+qlPsiZd8F3XkzXOzAoR+mpFqzm3ekQkJNa+PIh1BQ=",
        "owner": "numtide",
        "repo": "flake-utils",
        "rev": "0f8662f1319ad6abf89b3380dd2722369fc51ade",
        "type": "github"
      },
      "original": {
        "owner": "numtide",
        "repo": "flake-utils",
        "type": "github"
      }
    },
    "mach-nix": {
      "inputs": {
        "flake-utils": "flake-utils",
        "nixpkgs": [
          "nixpkgs"
        ],
        "pypi-deps-db": [
          "pypi-deps-db"
        ]
      },
      "locked": {
        "lastModified": 1648436428,
        "narHash": "sha256-pDXf4Pgh1sGMSNpLjYnb2+WLqYYuRZxNs4OuOfNS8ik=",
        "owner": "DavHau",
        "repo": "mach-nix",
        "rev": "86c3111786742fcc4dfdca2e124bcea10e05a4e6",
        "type": "github"
      },
      "original": {
        "owner": "DavHau",
        "repo": "mach-nix",
        "type": "github"
      }
    },
    "nix-direnv": {
      "flake": false,
      "locked": {
        "lastModified": 1647945652,
        "narHash": "sha256-ZWUxjEuScdbZkWLo79/ojRhsxTejJIgLpovoiNAI8XU=",
        "owner": "nix-community",
        "repo": "nix-direnv",
        "rev": "7c41549bd4a1f16a5ecbf027c42dff07ac402a5e",
        "type": "github"
      },
      "original": {
        "owner": "nix-community",
        "repo": "nix-direnv",
        "type": "github"
      }
    },
    "nixpkgs": {
      "inputs": {
        "devshell": "devshell",
        "flake-compat": "flake-compat",
        "flake-utils": "flake-utils_3",
        "nix-direnv": "nix-direnv",
        "nixpkgs": "nixpkgs_3"
      },
      "locked": {
        "lastModified": 1648301081,
        "narHash": "sha256-5GmTYjeJseuMizn6DiNzNhAOYZd24NxkhYhmNMRMhZA=",
        "type": "git",
        "url": "file:///home/phhai/nixpkgs"
      },
      "original": {
        "id": "local",
        "type": "indirect"
      }
    },
    "nixpkgs_2": {
      "locked": {
        "lastModified": 1643381941,
        "narHash": "sha256-pHTwvnN4tTsEKkWlXQ8JMY423epos8wUOhthpwJjtpc=",
        "owner": "NixOS",
        "repo": "nixpkgs",
        "rev": "5efc8ca954272c4376ac929f4c5ffefcc20551d5",
        "type": "github"
      },
      "original": {
        "owner": "NixOS",
        "ref": "nixpkgs-unstable",
        "repo": "nixpkgs",
        "type": "github"
      }
    },
    "nixpkgs_3": {
      "locked": {
        "lastModified": 1648097358,
        "narHash": "sha256-GMoTKP/po2Nbkh1tvPvP8Ww6NyFW8FFst1Z3nfzffZc=",
        "owner": "NixOS",
        "repo": "nixpkgs",
        "rev": "4d60081494259c0785f7e228518fee74e0792c1b",
        "type": "github"
      },
      "original": {
        "owner": "NixOS",
        "ref": "nixpkgs-unstable",
        "repo": "nixpkgs",
        "type": "github"
      }
    },
    "pypi-deps-db": {
      "flake": false,
      "locked": {
        "lastModified": 1648672382,
        "narHash": "sha256-FZr8/Z7epev9qH4nmyHMwKYInOwHLU/N7U0mX1q+lkU=",
        "owner": "DavHau",
        "repo": "pypi-deps-db",
        "rev": "45257e20d86dddd4a438e6b9ca4f7261fcefb838",
        "type": "github"
      },
      "original": {
        "owner": "DavHau",
        "repo": "pypi-deps-db",
        "type": "github"
      }
    },
    "root": {
      "inputs": {
        "mach-nix": "mach-nix",
        "nixpkgs": "nixpkgs",
        "pypi-deps-db": "pypi-deps-db"
      }
    }
  },
  "root": "root",
  "version": 7
}
